
Microsoft Visual Studio Solution File, Format Version 12.00
# Visual Studio Version 17
VisualStudioVersion = 17.5.33530.505
MinimumVisualStudioVersion = 10.0.40219.1
Project("{FAE04EC0-301F-11D3-BF4B-00C04F79EFBC}") = "Celery", "Celery\Celery.csproj", "{00B24B4F-F9D1-4C18-B8C9-D09CE793559F}"
EndProject
Project("{FAE04EC0-301F-11D3-BF4B-00C04F79EFBC}") = "CeleryUpdater", "CeleryUpdater\CeleryUpdater.csproj", "{2C858AB9-B5B9-40F0-8F88-CB8DE677A419}"
EndProject
Global
	GlobalSection(SolutionConfigurationPlatforms) = preSolution
		Debug|Any CPU = Debug|Any CPU
		Release|Any CPU = Release|Any CPU
	EndGlobalSection
	GlobalSection(ProjectConfigurationPlatforms) = postSolution
		{00B24B4F-F9D1-4C18-B8C9-D09CE793559F}.Debug|Any CPU.ActiveCfg = Debug|Any CPU
		{00B24B4F-F9D1-4C18-B8C9-D09CE793559F}.Debug|Any CPU.Build.0 = Debug|Any CPU
		{00B24B4F-F9D1-4C18-B8C9-D09CE793559F}.Release|Any CPU.ActiveCfg = Release|Any CPU
		{00B24B4F-F9D1-4C18-B8C9-D09CE793559F}.Release|Any CPU.Build.0 = Release|Any CPU
		{2C858AB9-B5B9-40F0-8F88-CB8DE677A419}.Debug|Any CPU.ActiveCfg = Debug|Any CPU
		{2C858AB9-B5B9-40F0-8F88-CB8DE677A419}.Debug|Any CPU.Build.0 = Debug|Any CPU
		{2C858AB9-B5B9-40F0-8F88-CB8DE677A419}.Release|Any CPU.ActiveCfg = Release|Any CPU
		{2C858AB9-B5B9-40F0-8F88-CB8DE677A419}.Release|Any CPU.Build.0 = Release|Any CPU
	EndGlobalSection
	GlobalSection(SolutionProperties) = preSolution
		HideSolutionNode = FALSE
	EndGlobalSection
	GlobalSection(ExtensibilityGlobals) = postSolution
		SolutionGuid = {12FD70C1-7642-4B27-B419-7F8AF958D6DB}
	EndGlobalSection
EndGlobal
