
Microsoft Visual Studio Solution File, Format Version 12.00
# Visual Studio Version 17
VisualStudioVersion = 17.9.34728.123
MinimumVisualStudioVersion = 10.0.40219.1
Project("{FAE04EC0-301F-11D3-BF4B-00C04F79EFBC}") = "Celery", "Celery\Celery.csproj", "{CC3244CC-D5A6-49DB-878F-9C2804D441E1}"
EndProject
Project("{FAE04EC0-301F-11D3-BF4B-00C04F79EFBC}") = "CeleryUpdater", "CeleryUpdater\CeleryUpdater.csproj", "{D6F8B632-459F-457F-BA25-273087BDEFF7}"
EndProject
Global
	GlobalSection(SolutionConfigurationPlatforms) = preSolution
		Debug|Any CPU = Debug|Any CPU
		Release|Any CPU = Release|Any CPU
	EndGlobalSection
	GlobalSection(ProjectConfigurationPlatforms) = postSolution
		{CC3244CC-D5A6-49DB-878F-9C2804D441E1}.Debug|Any CPU.ActiveCfg = Debug|Any CPU
		{CC3244CC-D5A6-49DB-878F-9C2804D441E1}.Debug|Any CPU.Build.0 = Debug|Any CPU
		{CC3244CC-D5A6-49DB-878F-9C2804D441E1}.Release|Any CPU.ActiveCfg = Release|Any CPU
		{CC3244CC-D5A6-49DB-878F-9C2804D441E1}.Release|Any CPU.Build.0 = Release|Any CPU
		{D6F8B632-459F-457F-BA25-273087BDEFF7}.Debug|Any CPU.ActiveCfg = Debug|Any CPU
		{D6F8B632-459F-457F-BA25-273087BDEFF7}.Debug|Any CPU.Build.0 = Debug|Any CPU
		{D6F8B632-459F-457F-BA25-273087BDEFF7}.Release|Any CPU.ActiveCfg = Release|Any CPU
		{D6F8B632-459F-457F-BA25-273087BDEFF7}.Release|Any CPU.Build.0 = Release|Any CPU
	EndGlobalSection
	GlobalSection(SolutionProperties) = preSolution
		HideSolutionNode = FALSE
	EndGlobalSection
	GlobalSection(ExtensibilityGlobals) = postSolution
		SolutionGuid = {87EB6E6A-B1E1-4FCD-A5E2-524661DA946B}
	EndGlobalSection
EndGlobal
